<?xml version="1.0" encoding="utf-8"?>
<Project ToolsVersion="4.0" xmlns="http://schemas.microsoft.com/developer/msbuild/2003">
  <ItemGroup>
    <Filter Include="Source Files">
      <UniqueIdentifier>{4FC737F1-C7A5-4376-A066-2A32D752A2FF}</UniqueIdentifier>
      <Extensions>cpp;c;cc;cxx;def;odl;idl;hpj;bat;asm;asmx</Extensions>
    </Filter>
    <Filter Include="Header Files">
      <UniqueIdentifier>{93995380-89BD-4b04-88EB-625FBE52EBFB}</UniqueIdentifier>
      <Extensions>h;hh;hpp;hxx;hm;inl;inc;xsd</Extensions>
    </Filter>
    <Filter Include="Resource Files">
      <UniqueIdentifier>{67DA6AB6-F800-4c08-8B7A-83BB121AAD01}</UniqueIdentifier>
      <Extensions>rc;ico;cur;bmp;dlg;rc2;rct;bin;rgs;gif;jpg;jpeg;jpe;resx;tiff;tif;png;wav;mfcribbon-ms</Extensions>
    </Filter>
    <Filter Include="Header Files\Framework">
      <UniqueIdentifier>{8208e2d8-f415-4a71-bb4d-5eedca15aec8}</UniqueIdentifier>
    </Filter>
    <Filter Include="Header Files\Entity">
      <UniqueIdentifier>{48e7d5cc-3377-4bee-ae43-cf7d0c767eae}</UniqueIdentifier>
    </Filter>
    <Filter Include="Source Files\Framework">
      <UniqueIdentifier>{cd406d85-755b-42d0-972b-74d54d717f7b}</UniqueIdentifier>
    </Filter>
    <Filter Include="Source Files\Entity">
      <UniqueIdentifier>{3e2bcaab-5ca2-4a1d-ba73-7a391a9e2a7e}</UniqueIdentifier>
    </Filter>
  </ItemGroup>
  <ItemGroup>
    <ClCompile Include="main.cpp">
      <Filter>Source Files</Filter>
    </ClCompile>
    <ClCompile Include="backbuffer.cpp">
      <Filter>Source Files\Framework</Filter>
    </ClCompile>
    <ClCompile Include="background.cpp">
      <Filter>Source Files\Framework</Filter>
    </ClCompile>
    <ClCompile Include="clock.cpp">
      <Filter>Source Files\Framework</Filter>
    </ClCompile>
    <ClCompile Include="framecounter.cpp">
      <Filter>Source Files\Framework</Filter>
    </ClCompile>
    <ClCompile Include="game.cpp">
      <Filter>Source Files\Framework</Filter>
    </ClCompile>
    <ClCompile Include="sprite.cpp">
      <Filter>Source Files\Framework</Filter>
    </ClCompile>
    <ClCompile Include="level.cpp">
      <Filter>Source Files\Framework</Filter>
    </ClCompile>
    <ClCompile Include="alien.cpp">
      <Filter>Source Files\Entity</Filter>
    </ClCompile>
    <ClCompile Include="bullet.cpp">
      <Filter>Source Files\Entity</Filter>
    </ClCompile>
    <ClCompile Include="entity.cpp">
      <Filter>Source Files\Entity</Filter>
    </ClCompile>
    <ClCompile Include="player.cpp">
      <Filter>Source Files\Entity</Filter>
    </ClCompile>
  </ItemGroup>
  <ItemGroup>
    <ClInclude Include="backbuffer.h">
      <Filter>Header Files\Framework</Filter>
    </ClInclude>
    <ClInclude Include="background.h">
      <Filter>Header Files\Framework</Filter>
    </ClInclude>
    <ClInclude Include="clock.h">
      <Filter>Header Files\Framework</Filter>
    </ClInclude>
    <ClInclude Include="framecounter.h">
      <Filter>Header Files\Framework</Filter>
    </ClInclude>
    <ClInclude Include="utils.h">
      <Filter>Header Files\Framework</Filter>
    </ClInclude>
    <ClInclude Include="sprite.h">
      <Filter>Header Files\Framework</Filter>
    </ClInclude>
    <ClInclude Include="alien.h">
      <Filter>Header Files\Entity</Filter>
    </ClInclude>
    <ClInclude Include="bullet.h">
      <Filter>Header Files\Entity</Filter>
    </ClInclude>
    <ClInclude Include="entity.h">
      <Filter>Header Files\Entity</Filter>
    </ClInclude>
    <ClInclude Include="player.h">
      <Filter>Header Files\Entity</Filter>
    </ClInclude>
    <ClInclude Include="game.h">
      <Filter>Header Files\Framework</Filter>
    </ClInclude>
    <ClInclude Include="level.h">
      <Filter>Header Files\Framework</Filter>
    </ClInclude>
    <ClInclude Include="resource.h">
      <Filter>Header Files</Filter>
    </ClInclude>
  </ItemGroup>
  <ItemGroup>
    <Image Include="Sprites\Background.bmp">
      <Filter>Resource Files</Filter>
    </Image>
    <Image Include="Sprites\laserEnemyMask.bmp">
      <Filter>Resource Files</Filter>
    </Image>
    <Image Include="Sprites\laserEnemySprite.bmp">
      <Filter>Resource Files</Filter>
    </Image>
    <Image Include="Sprites\laserPlayerMask.bmp">
      <Filter>Resource Files</Filter>
    </Image>
    <Image Include="Sprites\laserPlayerSprite.bmp">
      <Filter>Resource Files</Filter>
    </Image>
    <Image Include="Sprites\shipPlayerMask.bmp">
      <Filter>Resource Files</Filter>
    </Image>
    <Image Include="Sprites\shipPlayerSprite.bmp">
      <Filter>Resource Files</Filter>
    </Image>
    <Image Include="Sprites\BackgroundMask.bmp">
      <Filter>Resource Files</Filter>
    </Image>
    <Image Include="Sprites\shipEnemyMask.bmp">
      <Filter>Resource Files</Filter>
    </Image>
    <Image Include="Sprites\shipEnemySprite.bmp">
      <Filter>Resource Files</Filter>
    </Image>
    <Image Include="Sprites\shipPlayerLeftMask.bmp">
      <Filter>Resource Files</Filter>
    </Image>
    <Image Include="Sprites\shipPlayerLeftSprite.bmp">
      <Filter>Resource Files</Filter>
    </Image>
    <Image Include="Sprites\shipPlayerRightMask.bmp">
      <Filter>Resource Files</Filter>
    </Image>
    <Image Include="Sprites\shipPlayerRightSprite.bmp">
      <Filter>Resource Files</Filter>
    </Image>
    <Image Include="Sprites\BallMask.bmp">
      <Filter>Resource Files</Filter>
    </Image>
    <Image Include="Sprites\BallSprite.bmp">
      <Filter>Resource Files</Filter>
    </Image>
    <Image Include="Sprites\BrickMask.bmp">
      <Filter>Resource Files</Filter>
    </Image>
    <Image Include="Sprites\BrickSprite.bmp">
      <Filter>Resource Files</Filter>
    </Image>
    <Image Include="Sprites\PaddleMask.bmp">
      <Filter>Resource Files</Filter>
    </Image>
    <Image Include="Sprites\PaddleSprite.bmp">
      <Filter>Resource Files</Filter>
    </Image>
  </ItemGroup>
  <ItemGroup>
    <ResourceCompile Include="Space Invaders.rc">
      <Filter>Resource Files</Filter>
    </ResourceCompile>
  </ItemGroup>
</Project>